
Microsoft Visual Studio Solution File, Format Version 12.00
# Visual Studio 14
VisualStudioVersion = 14.0.25420.1
MinimumVisualStudioVersion = 10.0.40219.1
Project("{2150E333-8FDC-42A3-9474-1A3956D46DE8}") = "src", "src", "{CBA236F0-0FF6-4612-A2E2-1D504A83FF45}"
EndProject
Project("{2150E333-8FDC-42A3-9474-1A3956D46DE8}") = "Solution Items", "Solution Items", "{F2B61576-9FF2-4225-B304-A97718C085D9}"
	ProjectSection(SolutionItems) = preProject
		global.json = global.json
	EndProjectSection
EndProject
Project("{8BB2217D-0F2D-49D1-97BC-3654ED321F3B}") = "Chuye.Kafka.DotnetCore", "src\Chuye.Kafka\Chuye.Kafka.DotnetCore.xproj", "{BF67CEA9-AD71-40B1-9583-01700D10A360}"
EndProject
Project("{2150E333-8FDC-42A3-9474-1A3956D46DE8}") = "test", "test", "{DA2A0F83-B215-4117-8460-FCABA4388F0A}"
EndProject
Project("{FAE04EC0-301F-11D3-BF4B-00C04F79EFBC}") = "Chuye.Kafka.Test", "test\Chuye.Kafka.Test\Chuye.Kafka.Test.csproj", "{DBD56401-D8B0-4B4C-B21E-BDF1798C5DC9}"
EndProject
Global
	GlobalSection(SolutionConfigurationPlatforms) = preSolution
		Debug|Any CPU = Debug|Any CPU
		Release|Any CPU = Release|Any CPU
	EndGlobalSection
	GlobalSection(ProjectConfigurationPlatforms) = postSolution
		{BF67CEA9-AD71-40B1-9583-01700D10A360}.Debug|Any CPU.ActiveCfg = Debug|Any CPU
		{BF67CEA9-AD71-40B1-9583-01700D10A360}.Debug|Any CPU.Build.0 = Debug|Any CPU
		{BF67CEA9-AD71-40B1-9583-01700D10A360}.Release|Any CPU.ActiveCfg = Release|Any CPU
		{BF67CEA9-AD71-40B1-9583-01700D10A360}.Release|Any CPU.Build.0 = Release|Any CPU
		{DBD56401-D8B0-4B4C-B21E-BDF1798C5DC9}.Debug|Any CPU.ActiveCfg = Debug|Any CPU
		{DBD56401-D8B0-4B4C-B21E-BDF1798C5DC9}.Debug|Any CPU.Build.0 = Debug|Any CPU
		{DBD56401-D8B0-4B4C-B21E-BDF1798C5DC9}.Release|Any CPU.ActiveCfg = Release|Any CPU
		{DBD56401-D8B0-4B4C-B21E-BDF1798C5DC9}.Release|Any CPU.Build.0 = Release|Any CPU
	EndGlobalSection
	GlobalSection(SolutionProperties) = preSolution
		HideSolutionNode = FALSE
	EndGlobalSection
	GlobalSection(NestedProjects) = preSolution
		{BF67CEA9-AD71-40B1-9583-01700D10A360} = {CBA236F0-0FF6-4612-A2E2-1D504A83FF45}
		{DBD56401-D8B0-4B4C-B21E-BDF1798C5DC9} = {DA2A0F83-B215-4117-8460-FCABA4388F0A}
	EndGlobalSection
EndGlobal
